<?xml version="1.0" encoding="utf-8"?>
<Project ToolsVersion="4.0" xmlns="http://schemas.microsoft.com/developer/msbuild/2003">
  <ItemGroup>
    <ClCompile Include="GenCRC.cpp">
      <Filter>Source Files</Filter>
    </ClCompile>
    <ClCompile Include="GenParser.cpp">
      <Filter>Source Files</Filter>
    </ClCompile>
    <ClCompile Include="GenTextOut.cpp">
      <Filter>Source Files</Filter>
    </ClCompile>
    <ClCompile Include="GLlibgen.cpp">
      <Filter>Source Files</Filter>
    </ClCompile>
    <ClCompile Include="HttpDownload.cpp">
      <Filter>Source Files</Filter>
    </ClCompile>
    <ClCompile Include="stdafx.cpp">
      <Filter>Source Files</Filter>
    </ClCompile>
    <ClCompile Include="$(ProjectDir)../tinyxml2/tinyxml2.cpp">
      <Filter>Source Files</Filter>
    </ClCompile>
  </ItemGroup>
  <ItemGroup>
    <ClInclude Include="GenCRC.h">
      <Filter>Header Files</Filter>
    </ClInclude>
    <ClInclude Include="GenParser.h">
      <Filter>Header Files</Filter>
    </ClInclude>
    <ClInclude Include="GenTextOut.h">
      <Filter>Header Files</Filter>
    </ClInclude>
    <ClInclude Include="GLlibgen.h">
      <Filter>Header Files</Filter>
    </ClInclude>
    <ClInclude Include="HttpDownload.h">
      <Filter>Header Files</Filter>
    </ClInclude>
    <ClInclude Include="Resource.h">
      <Filter>Header Files</Filter>
    </ClInclude>
    <ClInclude Include="stdafx.h">
      <Filter>Header Files</Filter>
    </ClInclude>
    <ClInclude Include="targetver.h">
      <Filter>Header Files</Filter>
    </ClInclude>
    <ClInclude Include="$(ProjectDir)../tinyxml2/tinyxml2.h">
      <Filter>Header Files</Filter>
    </ClInclude>
  </ItemGroup>
  <ItemGroup>
    <Text Include="ReadMe.txt" />
  </ItemGroup>
  <ItemGroup>
    <Filter Include="Source Files">
      <UniqueIdentifier>{115658a2-225e-4193-9012-12a474225b4b}</UniqueIdentifier>
    </Filter>
    <Filter Include="Header Files">
      <UniqueIdentifier>{c93b93b1-2c96-43c9-bd44-6da06e6a9ec5}</UniqueIdentifier>
    </Filter>
    <Filter Include="Resource Files">
      <UniqueIdentifier>{4c9b17bf-2296-42c1-bf8d-f6280b7c9cef}</UniqueIdentifier>
    </Filter>
  </ItemGroup>
  <ItemGroup>
    <ResourceCompile Include="GLlibgen.rc">
      <Filter>Resource Files</Filter>
    </ResourceCompile>
  </ItemGroup>
  <ItemGroup>
    <None Include="Debug.props" />
    <None Include="Release.props" />
  </ItemGroup>
</Project>